// !$*UTF8*$!
{
	archiveVersion = 1;
	classes = {
	};
	objectVersion = 50;
	objects = {

/* Begin PBXBuildFile section */
		F560104E23C38D7F004BF404 /* AppDelegate.swift in Sources */ = {isa = PBXBuildFile; fileRef = F560104D23C38D7F004BF404 /* AppDelegate.swift */; };
		F560105023C38D7F004BF404 /* SceneDelegate.swift in Sources */ = {isa = PBXBuildFile; fileRef = F560104F23C38D7F004BF404 /* SceneDelegate.swift */; };
		F560105723C38D81004BF404 /* Assets.xcassets in Resources */ = {isa = PBXBuildFile; fileRef = F560105623C38D81004BF404 /* Assets.xcassets */; };
		F560105A23C38D81004BF404 /* LaunchScreen.storyboard in Resources */ = {isa = PBXBuildFile; fileRef = F560105823C38D81004BF404 /* LaunchScreen.storyboard */; };
		F5E2088423C4DAFF00AD83E9 /* HomeViewController.swift in Sources */ = {isa = PBXBuildFile; fileRef = F5E2088223C4DAFF00AD83E9 /* HomeViewController.swift */; };
		F5E2088523C4DAFF00AD83E9 /* HomeViewController.xib in Resources */ = {isa = PBXBuildFile; fileRef = F5E2088323C4DAFF00AD83E9 /* HomeViewController.xib */; };
		F5E2088823C4E3B700AD83E9 /* HomeCell.swift in Sources */ = {isa = PBXBuildFile; fileRef = F5E2088623C4E3B700AD83E9 /* HomeCell.swift */; };
		F5E2088923C4E3B700AD83E9 /* HomeCell.xib in Resources */ = {isa = PBXBuildFile; fileRef = F5E2088723C4E3B700AD83E9 /* HomeCell.xib */; };
/* End PBXBuildFile section */

/* Begin PBXFileReference section */
		F560104A23C38D7F004BF404 /* CustomHeaderViewCollapse.app */ = {isa = PBXFileReference; explicitFileType = wrapper.application; includeInIndex = 0; path = CustomHeaderViewCollapse.app; sourceTree = BUILT_PRODUCTS_DIR; };
		F560104D23C38D7F004BF404 /* AppDelegate.swift */ = {isa = PBXFileReference; lastKnownFileType = sourcecode.swift; path = AppDelegate.swift; sourceTree = "<group>"; };
		F560104F23C38D7F004BF404 /* SceneDelegate.swift */ = {isa = PBXFileReference; lastKnownFileType = sourcecode.swift; path = SceneDelegate.swift; sourceTree = "<group>"; };
		F560105623C38D81004BF404 /* Assets.xcassets */ = {isa = PBXFileReference; lastKnownFileType = folder.assetcatalog; path = Assets.xcassets; sourceTree = "<group>"; };
		F560105923C38D81004BF404 /* Base */ = {isa = PBXFileReference; lastKnownFileType = file.storyboard; name = Base; path = Base.lproj/LaunchScreen.storyboard; sourceTree = "<group>"; };
		F560105B23C38D81004BF404 /* Info.plist */ = {isa = PBXFileReference; lastKnownFileType = text.plist.xml; path = Info.plist; sourceTree = "<group>"; };
		F5E2088223C4DAFF00AD83E9 /* HomeViewController.swift */ = {isa = PBXFileReference; lastKnownFileType = sourcecode.swift; path = HomeViewController.swift; sourceTree = "<group>"; };
		F5E2088323C4DAFF00AD83E9 /* HomeViewController.xib */ = {isa = PBXFileReference; lastKnownFileType = file.xib; path = HomeViewController.xib; sourceTree = "<group>"; };
		F5E2088623C4E3B700AD83E9 /* HomeCell.swift */ = {isa = PBXFileReference; lastKnownFileType = sourcecode.swift; name = HomeCell.swift; path = HomeCells/HomeCell.swift; sourceTree = "<group>"; };
		F5E2088723C4E3B700AD83E9 /* HomeCell.xib */ = {isa = PBXFileReference; lastKnownFileType = file.xib; name = HomeCell.xib; path = HomeCells/HomeCell.xib; sourceTree = "<group>"; };
/* End PBXFileReference section */

/* Begin PBXFrameworksBuildPhase section */
		F560104723C38D7F004BF404 /* Frameworks */ = {
			isa = PBXFrameworksBuildPhase;
			buildActionMask = 2147483647;
			files = (
			);
			runOnlyForDeploymentPostprocessing = 0;
		};
/* End PBXFrameworksBuildPhase section */

/* Begin PBXGroup section */
		F560104123C38D7F004BF404 = {
			isa = PBXGroup;
			children = (
				F560104C23C38D7F004BF404 /* CustomHeaderViewCollapse */,
				F560104B23C38D7F004BF404 /* Products */,
			);
			sourceTree = "<group>";
		};
		F560104B23C38D7F004BF404 /* Products */ = {
			isa = PBXGroup;
			children = (
				F560104A23C38D7F004BF404 /* CustomHeaderViewCollapse.app */,
			);
			name = Products;
			sourceTree = "<group>";
		};
		F560104C23C38D7F004BF404 /* CustomHeaderViewCollapse */ = {
			isa = PBXGroup;
			children = (
				F5E2088023C4DA4100AD83E9 /* Resources */,
				F5E2087F23C4D9F300AD83E9 /* Supporting File */,
				F5E2087E23C4D9E800AD83E9 /* Configures */,
				F5E2087D23C4D9DE00AD83E9 /* Features */,
			);
			path = CustomHeaderViewCollapse;
			sourceTree = "<group>";
		};
		F5E2087D23C4D9DE00AD83E9 /* Features */ = {
			isa = PBXGroup;
			children = (
				F5E2088123C4DAE300AD83E9 /* Home */,
			);
			path = Features;
			sourceTree = "<group>";
		};
		F5E2087E23C4D9E800AD83E9 /* Configures */ = {
			isa = PBXGroup;
			children = (
			);
			path = Configures;
			sourceTree = "<group>";
		};
		F5E2087F23C4D9F300AD83E9 /* Supporting File */ = {
			isa = PBXGroup;
			children = (
				F560104D23C38D7F004BF404 /* AppDelegate.swift */,
				F560104F23C38D7F004BF404 /* SceneDelegate.swift */,
				F560105B23C38D81004BF404 /* Info.plist */,
			);
			path = "Supporting File";
			sourceTree = "<group>";
		};
		F5E2088023C4DA4100AD83E9 /* Resources */ = {
			isa = PBXGroup;
			children = (
				F560105623C38D81004BF404 /* Assets.xcassets */,
				F560105823C38D81004BF404 /* LaunchScreen.storyboard */,
			);
			path = Resources;
			sourceTree = "<group>";
		};
		F5E2088123C4DAE300AD83E9 /* Home */ = {
			isa = PBXGroup;
			children = (
				F5E2088223C4DAFF00AD83E9 /* HomeViewController.swift */,
				F5E2088323C4DAFF00AD83E9 /* HomeViewController.xib */,
				F5E2088623C4E3B700AD83E9 /* HomeCell.swift */,
				F5E2088723C4E3B700AD83E9 /* HomeCell.xib */,
			);
			path = Home;
			sourceTree = "<group>";
		};
/* End PBXGroup section */

/* Begin PBXNativeTarget section */
		F560104923C38D7F004BF404 /* CustomHeaderViewCollapse */ = {
			isa = PBXNativeTarget;
			buildConfigurationList = F560105E23C38D81004BF404 /* Build configuration list for PBXNativeTarget "CustomHeaderViewCollapse" */;
			buildPhases = (
				F560104623C38D7F004BF404 /* Sources */,
				F560104723C38D7F004BF404 /* Frameworks */,
				F560104823C38D7F004BF404 /* Resources */,
			);
			buildRules = (
			);
			dependencies = (
			);
			name = CustomHeaderViewCollapse;
			productName = CustomHeaderViewCollapse;
			productReference = F560104A23C38D7F004BF404 /* CustomHeaderViewCollapse.app */;
			productType = "com.apple.product-type.application";
		};
/* End PBXNativeTarget section */

/* Begin PBXProject section */
		F560104223C38D7F004BF404 /* Project object */ = {
			isa = PBXProject;
			attributes = {
				LastSwiftUpdateCheck = 1130;
				LastUpgradeCheck = 1130;
				ORGANIZATIONNAME = "Nguyen Tran";
				TargetAttributes = {
					F560104923C38D7F004BF404 = {
						CreatedOnToolsVersion = 11.3;
					};
				};
			};
			buildConfigurationList = F560104523C38D7F004BF404 /* Build configuration list for PBXProject "CustomHeaderViewCollapse" */;
			compatibilityVersion = "Xcode 9.3";
			developmentRegion = en;
			hasScannedForEncodings = 0;
			knownRegions = (
				en,
				Base,
			);
			mainGroup = F560104123C38D7F004BF404;
			productRefGroup = F560104B23C38D7F004BF404 /* Products */;
			projectDirPath = "";
			projectRoot = "";
			targets = (
				F560104923C38D7F004BF404 /* CustomHeaderViewCollapse */,
			);
		};
/* End PBXProject section */

/* Begin PBXResourcesBuildPhase section */
		F560104823C38D7F004BF404 /* Resources */ = {
			isa = PBXResourcesBuildPhase;
			buildActionMask = 2147483647;
			files = (
				F560105A23C38D81004BF404 /* LaunchScreen.storyboard in Resources */,
				F560105723C38D81004BF404 /* Assets.xcassets in Resources */,
				F5E2088923C4E3B700AD83E9 /* HomeCell.xib in Resources */,
				F5E2088523C4DAFF00AD83E9 /* HomeViewController.xib in Resources */,
			);
			runOnlyForDeploymentPostprocessing = 0;
		};
/* End PBXResourcesBuildPhase section */

/* Begin PBXSourcesBuildPhase section */
		F560104623C38D7F004BF404 /* Sources */ = {
			isa = PBXSourcesBuildPhase;
			buildActionMask = 2147483647;
			files = (
				F560104E23C38D7F004BF404 /* AppDelegate.swift in Sources */,
				F560105023C38D7F004BF404 /* SceneDelegate.swift in Sources */,
				F5E2088823C4E3B700AD83E9 /* HomeCell.swift in Sources */,
				F5E2088423C4DAFF00AD83E9 /* HomeViewController.swift in Sources */,
			);
			runOnlyForDeploymentPostprocessing = 0;
		};
/* End PBXSourcesBuildPhase section */

/* Begin PBXVariantGroup section */
		F560105823C38D81004BF404 /* LaunchScreen.storyboard */ = {
			isa = PBXVariantGroup;
			children = (
				F560105923C38D81004BF404 /* Base */,
			);
			name = LaunchScreen.storyboard;
			sourceTree = "<group>";
		};
/* End PBXVariantGroup section */

/* Begin XCBuildConfiguration section */
		F560105C23C38D81004BF404 /* Debug */ = {
			isa = XCBuildConfiguration;
			buildSettings = {
				ALWAYS_SEARCH_USER_PATHS = NO;
				CLANG_ANALYZER_NONNULL = YES;
				CLANG_ANALYZER_NUMBER_OBJECT_CONVERSION = YES_AGGRESSIVE;
				CLANG_CXX_LANGUAGE_STANDARD = "gnu++14";
				CLANG_CXX_LIBRARY = "libc++";
				CLANG_ENABLE_MODULES = YES;
				CLANG_ENABLE_OBJC_ARC = YES;
				CLANG_ENABLE_OBJC_WEAK = YES;
				CLANG_WARN_BLOCK_CAPTURE_AUTORELEASING = YES;
				CLANG_WARN_BOOL_CONVERSION = YES;
				CLANG_WARN_COMMA = YES;
				CLANG_WARN_CONSTANT_CONVERSION = YES;
				CLANG_WARN_DEPRECATED_OBJC_IMPLEMENTATIONS = YES;
				CLANG_WARN_DIRECT_OBJC_ISA_USAGE = YES_ERROR;
				CLANG_WARN_DOCUMENTATION_COMMENTS = YES;
				CLANG_WARN_EMPTY_BODY = YES;
				CLANG_WARN_ENUM_CONVERSION = YES;
				CLANG_WARN_INFINITE_RECURSION = YES;
				CLANG_WARN_INT_CONVERSION = YES;
				CLANG_WARN_NON_LITERAL_NULL_CONVERSION = YES;
				CLANG_WARN_OBJC_IMPLICIT_RETAIN_SELF = YES;
				CLANG_WARN_OBJC_LITERAL_CONVERSION = YES;
				CLANG_WARN_OBJC_ROOT_CLASS = YES_ERROR;
				CLANG_WARN_RANGE_LOOP_ANALYSIS = YES;
				CLANG_WARN_STRICT_PROTOTYPES = YES;
				CLANG_WARN_SUSPICIOUS_MOVE = YES;
				CLANG_WARN_UNGUARDED_AVAILABILITY = YES_AGGRESSIVE;
				CLANG_WARN_UNREACHABLE_CODE = YES;
				CLANG_WARN__DUPLICATE_METHOD_MATCH = YES;
				COPY_PHASE_STRIP = NO;
				DEBUG_INFORMATION_FORMAT = dwarf;
				ENABLE_STRICT_OBJC_MSGSEND = YES;
				ENABLE_TESTABILITY = YES;
				GCC_C_LANGUAGE_STANDARD = gnu11;
				GCC_DYNAMIC_NO_PIC = NO;
				GCC_NO_COMMON_BLOCKS = YES;
				GCC_OPTIMIZATION_LEVEL = 0;
				GCC_PREPROCESSOR_DEFINITIONS = (
					"DEBUG=1",
					"$(inherited)",
				);
				GCC_WARN_64_TO_32_BIT_CONVERSION = YES;
				GCC_WARN_ABOUT_RETURN_TYPE = YES_ERROR;
				GCC_WARN_UNDECLARED_SELECTOR = YES;
				GCC_WARN_UNINITIALIZED_AUTOS = YES_AGGRESSIVE;
				GCC_WARN_UNUSED_FUNCTION = YES;
				GCC_WARN_UNUSED_VARIABLE = YES;
				IPHONEOS_DEPLOYMENT_TARGET = 13.2;
				MTL_ENABLE_DEBUG_INFO = INCLUDE_SOURCE;
				MTL_FAST_MATH = YES;
				ONLY_ACTIVE_ARCH = YES;
				SDKROOT = iphoneos;
				SWIFT_ACTIVE_COMPILATION_CONDITIONS = DEBUG;
				SWIFT_OPTIMIZATION_LEVEL = "-Onone";
			};
			name = Debug;
		};
		F560105D23C38D81004BF404 /* Release */ = {
			isa = XCBuildConfiguration;
			buildSettings = {
				ALWAYS_SEARCH_USER_PATHS = NO;
				CLANG_ANALYZER_NONNULL = YES;
				CLANG_ANALYZER_NUMBER_OBJECT_CONVERSION = YES_AGGRESSIVE;
				CLANG_CXX_LANGUAGE_STANDARD = "gnu++14";
				CLANG_CXX_LIBRARY = "libc++";
				CLANG_ENABLE_MODULES = YES;
				CLANG_ENABLE_OBJC_ARC = YES;
				CLANG_ENABLE_OBJC_WEAK = YES;
				CLANG_WARN_BLOCK_CAPTURE_AUTORELEASING = YES;
				CLANG_WARN_BOOL_CONVERSION = YES;
				CLANG_WARN_COMMA = YES;
				CLANG_WARN_CONSTANT_CONVERSION = YES;
				CLANG_WARN_DEPRECATED_OBJC_IMPLEMENTATIONS = YES;
				CLANG_WARN_DIRECT_OBJC_ISA_USAGE = YES_ERROR;
				CLANG_WARN_DOCUMENTATION_COMMENTS = YES;
				CLANG_WARN_EMPTY_BODY = YES;
				CLANG_WARN_ENUM_CONVERSION = YES;
				CLANG_WARN_INFINITE_RECURSION = YES;
				CLANG_WARN_INT_CONVERSION = YES;
				CLANG_WARN_NON_LITERAL_NULL_CONVERSION = YES;
				CLANG_WARN_OBJC_IMPLICIT_RETAIN_SELF = YES;
				CLANG_WARN_OBJC_LITERAL_CONVERSION = YES;
				CLANG_WARN_OBJC_ROOT_CLASS = YES_ERROR;
				CLANG_WARN_RANGE_LOOP_ANALYSIS = YES;
				CLANG_WARN_STRICT_PROTOTYPES = YES;
				CLANG_WARN_SUSPICIOUS_MOVE = YES;
				CLANG_WARN_UNGUARDED_AVAILABILITY = YES_AGGRESSIVE;
				CLANG_WARN_UNREACHABLE_CODE = YES;
				CLANG_WARN__DUPLICATE_METHOD_MATCH = YES;
				COPY_PHASE_STRIP = NO;
				DEBUG_INFORMATION_FORMAT = "dwarf-with-dsym";
				ENABLE_NS_ASSERTIONS = NO;
				ENABLE_STRICT_OBJC_MSGSEND = YES;
				GCC_C_LANGUAGE_STANDARD = gnu11;
				GCC_NO_COMMON_BLOCKS = YES;
				GCC_WARN_64_TO_32_BIT_CONVERSION = YES;
				GCC_WARN_ABOUT_RETURN_TYPE = YES_ERROR;
				GCC_WARN_UNDECLARED_SELECTOR = YES;
				GCC_WARN_UNINITIALIZED_AUTOS = YES_AGGRESSIVE;
				GCC_WARN_UNUSED_FUNCTION = YES;
				GCC_WARN_UNUSED_VARIABLE = YES;
				IPHONEOS_DEPLOYMENT_TARGET = 13.2;
				MTL_ENABLE_DEBUG_INFO = NO;
				MTL_FAST_MATH = YES;
				SDKROOT = iphoneos;
				SWIFT_COMPILATION_MODE = wholemodule;
				SWIFT_OPTIMIZATION_LEVEL = "-O";
				VALIDATE_PRODUCT = YES;
			};
			name = Release;
		};
		F560105F23C38D81004BF404 /* Debug */ = {
			isa = XCBuildConfiguration;
			buildSettings = {
				ASSETCATALOG_COMPILER_APPICON_NAME = AppIcon;
				CODE_SIGN_STYLE = Automatic;
				INFOPLIST_FILE = "$(SRCROOT)/CustomHeaderViewCollapse/Supporting File/Info.plist";
				LD_RUNPATH_SEARCH_PATHS = (
					"$(inherited)",
					"@executable_path/Frameworks",
				);
				PRODUCT_BUNDLE_IDENTIFIER = com.nguyentran.CustomHeaderViewCollapse;
				PRODUCT_NAME = "$(TARGET_NAME)";
				SWIFT_VERSION = 5.0;
				TARGETED_DEVICE_FAMILY = "1,2";
			};
			name = Debug;
		};
		F560106023C38D81004BF404 /* Release */ = {
			isa = XCBuildConfiguration;
			buildSettings = {
				ASSETCATALOG_COMPILER_APPICON_NAME = AppIcon;
				CODE_SIGN_STYLE = Automatic;
				INFOPLIST_FILE = "$(SRCROOT)/CustomHeaderViewCollapse/Supporting File/Info.plist";
				LD_RUNPATH_SEARCH_PATHS = (
					"$(inherited)",
					"@executable_path/Frameworks",
				);
				PRODUCT_BUNDLE_IDENTIFIER = com.nguyentran.CustomHeaderViewCollapse;
				PRODUCT_NAME = "$(TARGET_NAME)";
				SWIFT_VERSION = 5.0;
				TARGETED_DEVICE_FAMILY = "1,2";
			};
			name = Release;
		};
/* End XCBuildConfiguration section */

/* Begin XCConfigurationList section */
		F560104523C38D7F004BF404 /* Build configuration list for PBXProject "CustomHeaderViewCollapse" */ = {
			isa = XCConfigurationList;
			buildConfigurations = (
				F560105C23C38D81004BF404 /* Debug */,
				F560105D23C38D81004BF404 /* Release */,
			);
			defaultConfigurationIsVisible = 0;
			defaultConfigurationName = Release;
		};
		F560105E23C38D81004BF404 /* Build configuration list for PBXNativeTarget "CustomHeaderViewCollapse" */ = {
			isa = XCConfigurationList;
			buildConfigurations = (
				F560105F23C38D81004BF404 /* Debug */,
				F560106023C38D81004BF404 /* Release */,
			);
			defaultConfigurationIsVisible = 0;
			defaultConfigurationName = Release;
		};
/* End XCConfigurationList section */
	};
	rootObject = F560104223C38D7F004BF404 /* Project object */;
}
